
Microsoft Visual Studio Solution File, Format Version 12.00
# Visual Studio Version 16
VisualStudioVersion = 16.0.30002.166
MinimumVisualStudioVersion = 10.0.40219.1
Project("{FAE04EC0-301F-11D3-BF4B-00C04F79EFBC}") = "KozvelemenyKutatas_Nemeth_Zsombor", "KozvelemenyKutatas_Nemeth_Zsombor\KozvelemenyKutatas_Nemeth_Zsombor.csproj", "{127659A2-8E64-49B0-A5EF-8D8B208EF9D6}"
EndProject
Global
	GlobalSection(SolutionConfigurationPlatforms) = preSolution
		Debug|Any CPU = Debug|Any CPU
		Release|Any CPU = Release|Any CPU
	EndGlobalSection
	GlobalSection(ProjectConfigurationPlatforms) = postSolution
		{127659A2-8E64-49B0-A5EF-8D8B208EF9D6}.Debug|Any CPU.ActiveCfg = Debug|Any CPU
		{127659A2-8E64-49B0-A5EF-8D8B208EF9D6}.Debug|Any CPU.Build.0 = Debug|Any CPU
		{127659A2-8E64-49B0-A5EF-8D8B208EF9D6}.Release|Any CPU.ActiveCfg = Release|Any CPU
		{127659A2-8E64-49B0-A5EF-8D8B208EF9D6}.Release|Any CPU.Build.0 = Release|Any CPU
	EndGlobalSection
	GlobalSection(SolutionProperties) = preSolution
		HideSolutionNode = FALSE
	EndGlobalSection
	GlobalSection(ExtensibilityGlobals) = postSolution
		SolutionGuid = {B354D66E-ECDD-420B-9C23-08AC1BFECA22}
	EndGlobalSection
EndGlobal
